
Microsoft Visual Studio Solution File, Format Version 12.00
# Visual Studio Version 17
VisualStudioVersion = 17.0.31903.59
MinimumVisualStudioVersion = 10.0.40219.1
Project("{FAE04EC0-301F-11D3-BF4B-00C04F79EFBC}") = "Tonestro.Maui.RevenueCat.iOS", "Tonestro.Maui.RevenueCat.iOS\Tonestro.Maui.RevenueCat.iOS.csproj", "{7BC150ED-9698-444D-8A4A-CB7BB440D2B8}"
EndProject
Project("{FAE04EC0-301F-11D3-BF4B-00C04F79EFBC}") = "Tonestro.Maui.RevenueCat.iOS.Extensions", "Tonestro.Maui.RevenueCat.iOS.Extensions\Tonestro.Maui.RevenueCat.iOS.Extensions.csproj", "{483C92BA-2658-4DFA-9BDA-41BE5E3F0428}"
EndProject
Project("{FAE04EC0-301F-11D3-BF4B-00C04F79EFBC}") = "Tonestro.Maui.RevenueCat.iOS.UsageChecker", "Tonestro.Maui.RevenueCat.iOS.UsageChecker\Tonestro.Maui.RevenueCat.iOS.UsageChecker.csproj", "{EBC10BC7-3DEF-48A3-B3F6-131447068236}"
EndProject
Global
	GlobalSection(SolutionConfigurationPlatforms) = preSolution
		Debug|Any CPU = Debug|Any CPU
		Release|Any CPU = Release|Any CPU
	EndGlobalSection
	GlobalSection(SolutionProperties) = preSolution
		HideSolutionNode = FALSE
	EndGlobalSection
	GlobalSection(ProjectConfigurationPlatforms) = postSolution
		{7BC150ED-9698-444D-8A4A-CB7BB440D2B8}.Debug|Any CPU.ActiveCfg = Debug|Any CPU
		{7BC150ED-9698-444D-8A4A-CB7BB440D2B8}.Debug|Any CPU.Build.0 = Debug|Any CPU
		{7BC150ED-9698-444D-8A4A-CB7BB440D2B8}.Release|Any CPU.ActiveCfg = Release|Any CPU
		{7BC150ED-9698-444D-8A4A-CB7BB440D2B8}.Release|Any CPU.Build.0 = Release|Any CPU
		{483C92BA-2658-4DFA-9BDA-41BE5E3F0428}.Debug|Any CPU.ActiveCfg = Debug|Any CPU
		{483C92BA-2658-4DFA-9BDA-41BE5E3F0428}.Debug|Any CPU.Build.0 = Debug|Any CPU
		{483C92BA-2658-4DFA-9BDA-41BE5E3F0428}.Release|Any CPU.ActiveCfg = Release|Any CPU
		{483C92BA-2658-4DFA-9BDA-41BE5E3F0428}.Release|Any CPU.Build.0 = Release|Any CPU
		{EBC10BC7-3DEF-48A3-B3F6-131447068236}.Debug|Any CPU.ActiveCfg = Debug|Any CPU
		{EBC10BC7-3DEF-48A3-B3F6-131447068236}.Debug|Any CPU.Build.0 = Debug|Any CPU
		{EBC10BC7-3DEF-48A3-B3F6-131447068236}.Release|Any CPU.ActiveCfg = Release|Any CPU
		{EBC10BC7-3DEF-48A3-B3F6-131447068236}.Release|Any CPU.Build.0 = Release|Any CPU
	EndGlobalSection
EndGlobal
